
Microsoft Visual Studio Solution File, Format Version 12.00
# Visual Studio Version 16
VisualStudioVersion = 16.0.30225.117
MinimumVisualStudioVersion = 10.0.40219.1
Project("{FAE04EC0-301F-11D3-BF4B-00C04F79EFBC}") = "ZMLisSys", "ZMLisSys.csproj", "{7E31A07B-89A9-440E-82BC-39E876A7E6D0}"
EndProject
Global
	GlobalSection(SolutionConfigurationPlatforms) = preSolution
		Debug|Any CPU = Debug|Any CPU
		Release|Any CPU = Release|Any CPU
	EndGlobalSection
	GlobalSection(ProjectConfigurationPlatforms) = postSolution
		{7E31A07B-89A9-440E-82BC-39E876A7E6D0}.Debug|Any CPU.ActiveCfg = Debug|Any CPU
		{7E31A07B-89A9-440E-82BC-39E876A7E6D0}.Debug|Any CPU.Build.0 = Debug|Any CPU
		{7E31A07B-89A9-440E-82BC-39E876A7E6D0}.Release|Any CPU.ActiveCfg = Release|Any CPU
		{7E31A07B-89A9-440E-82BC-39E876A7E6D0}.Release|Any CPU.Build.0 = Release|Any CPU
	EndGlobalSection
	GlobalSection(SolutionProperties) = preSolution
		HideSolutionNode = FALSE
	EndGlobalSection
	GlobalSection(ExtensibilityGlobals) = postSolution
		SolutionGuid = {77D63F40-8567-402D-B95C-F809591AD77F}
	EndGlobalSection
EndGlobal
